// !$*UTF8*$!
{
	archiveVersion = 1;
	classes = {
	};
	objectVersion = 56;
	objects = {

/* Begin PBXBuildFile section */
		70113CD7297357C100360D01 /* SettingsView.swift in Sources */ = {isa = PBXBuildFile; fileRef = 70113CD6297357C100360D01 /* SettingsView.swift */; };
		7017C4DE29737BCA00E804C5 /* FileService.swift in Sources */ = {isa = PBXBuildFile; fileRef = 7017C4DD29737BCA00E804C5 /* FileService.swift */; };
		7017C4E029737C8F00E804C5 /* KeyMonitoringService.swift in Sources */ = {isa = PBXBuildFile; fileRef = 7017C4DF29737C8F00E804C5 /* KeyMonitoringService.swift */; };
		704E5F99297335E0003245F9 /* Typist_LedgerApp.swift in Sources */ = {isa = PBXBuildFile; fileRef = 704E5F98297335E0003245F9 /* Typist_LedgerApp.swift */; };
		704E5F9B297335E0003245F9 /* ContentView.swift in Sources */ = {isa = PBXBuildFile; fileRef = 704E5F9A297335E0003245F9 /* ContentView.swift */; };
		704E5F9D297335E1003245F9 /* Assets.xcassets in Resources */ = {isa = PBXBuildFile; fileRef = 704E5F9C297335E1003245F9 /* Assets.xcassets */; };
		704E5FA0297335E1003245F9 /* Preview Assets.xcassets in Resources */ = {isa = PBXBuildFile; fileRef = 704E5F9F297335E1003245F9 /* Preview Assets.xcassets */; };
/* End PBXBuildFile section */

/* Begin PBXFileReference section */
		70113CD6297357C100360D01 /* SettingsView.swift */ = {isa = PBXFileReference; lastKnownFileType = sourcecode.swift; path = SettingsView.swift; sourceTree = "<group>"; };
		70113CD82973581700360D01 /* Typist-Ledger-Info.plist */ = {isa = PBXFileReference; lastKnownFileType = text.plist; path = "Typist-Ledger-Info.plist"; sourceTree = SOURCE_ROOT; };
		7017C4DD29737BCA00E804C5 /* FileService.swift */ = {isa = PBXFileReference; lastKnownFileType = sourcecode.swift; path = FileService.swift; sourceTree = "<group>"; };
		7017C4DF29737C8F00E804C5 /* KeyMonitoringService.swift */ = {isa = PBXFileReference; lastKnownFileType = sourcecode.swift; path = KeyMonitoringService.swift; sourceTree = "<group>"; };
		704E5F95297335E0003245F9 /* Typist Ledger.app */ = {isa = PBXFileReference; explicitFileType = wrapper.application; includeInIndex = 0; path = "Typist Ledger.app"; sourceTree = BUILT_PRODUCTS_DIR; };
		704E5F98297335E0003245F9 /* Typist_LedgerApp.swift */ = {isa = PBXFileReference; lastKnownFileType = sourcecode.swift; path = Typist_LedgerApp.swift; sourceTree = "<group>"; };
		704E5F9A297335E0003245F9 /* ContentView.swift */ = {isa = PBXFileReference; lastKnownFileType = sourcecode.swift; path = ContentView.swift; sourceTree = "<group>"; };
		704E5F9C297335E1003245F9 /* Assets.xcassets */ = {isa = PBXFileReference; lastKnownFileType = folder.assetcatalog; path = Assets.xcassets; sourceTree = "<group>"; };
		704E5F9F297335E1003245F9 /* Preview Assets.xcassets */ = {isa = PBXFileReference; lastKnownFileType = folder.assetcatalog; path = "Preview Assets.xcassets"; sourceTree = "<group>"; };
		704E5FA1297335E1003245F9 /* Typist_Ledger.entitlements */ = {isa = PBXFileReference; lastKnownFileType = text.plist.entitlements; path = Typist_Ledger.entitlements; sourceTree = "<group>"; };
/* End PBXFileReference section */

/* Begin PBXFrameworksBuildPhase section */
		704E5F92297335E0003245F9 /* Frameworks */ = {
			isa = PBXFrameworksBuildPhase;
			buildActionMask = 2147483647;
			files = (
			);
			runOnlyForDeploymentPostprocessing = 0;
		};
/* End PBXFrameworksBuildPhase section */

/* Begin PBXGroup section */
		7017C4DC29737BB600E804C5 /* Helpers */ = {
			isa = PBXGroup;
			children = (
				7017C4DD29737BCA00E804C5 /* FileService.swift */,
				7017C4DF29737C8F00E804C5 /* KeyMonitoringService.swift */,
			);
			path = Helpers;
			sourceTree = "<group>";
		};
		704E5F8C297335E0003245F9 = {
			isa = PBXGroup;
			children = (
				704E5F97297335E0003245F9 /* Typist Ledger */,
				704E5F96297335E0003245F9 /* Products */,
			);
			sourceTree = "<group>";
		};
		704E5F96297335E0003245F9 /* Products */ = {
			isa = PBXGroup;
			children = (
				704E5F95297335E0003245F9 /* Typist Ledger.app */,
			);
			name = Products;
			sourceTree = "<group>";
		};
		704E5F97297335E0003245F9 /* Typist Ledger */ = {
			isa = PBXGroup;
			children = (
				7017C4DC29737BB600E804C5 /* Helpers */,
				70113CD82973581700360D01 /* Typist-Ledger-Info.plist */,
				704E5F98297335E0003245F9 /* Typist_LedgerApp.swift */,
				704E5F9A297335E0003245F9 /* ContentView.swift */,
				704E5F9C297335E1003245F9 /* Assets.xcassets */,
				704E5FA1297335E1003245F9 /* Typist_Ledger.entitlements */,
				704E5F9E297335E1003245F9 /* Preview Content */,
				70113CD6297357C100360D01 /* SettingsView.swift */,
			);
			path = "Typist Ledger";
			sourceTree = "<group>";
		};
		704E5F9E297335E1003245F9 /* Preview Content */ = {
			isa = PBXGroup;
			children = (
				704E5F9F297335E1003245F9 /* Preview Assets.xcassets */,
			);
			path = "Preview Content";
			sourceTree = "<group>";
		};
/* End PBXGroup section */

/* Begin PBXNativeTarget section */
		704E5F94297335E0003245F9 /* Typist Ledger */ = {
			isa = PBXNativeTarget;
			buildConfigurationList = 704E5FA4297335E1003245F9 /* Build configuration list for PBXNativeTarget "Typist Ledger" */;
			buildPhases = (
				704E5F91297335E0003245F9 /* Sources */,
				704E5F92297335E0003245F9 /* Frameworks */,
				704E5F93297335E0003245F9 /* Resources */,
			);
			buildRules = (
			);
			dependencies = (
			);
			name = "Typist Ledger";
			productName = "Typist Ledger";
			productReference = 704E5F95297335E0003245F9 /* Typist Ledger.app */;
			productType = "com.apple.product-type.application";
		};
/* End PBXNativeTarget section */

/* Begin PBXProject section */
		704E5F8D297335E0003245F9 /* Project object */ = {
			isa = PBXProject;
			attributes = {
				BuildIndependentTargetsInParallel = 1;
				LastSwiftUpdateCheck = 1420;
				LastUpgradeCheck = 1420;
				TargetAttributes = {
					704E5F94297335E0003245F9 = {
						CreatedOnToolsVersion = 14.2;
					};
				};
			};
			buildConfigurationList = 704E5F90297335E0003245F9 /* Build configuration list for PBXProject "Typist Ledger" */;
			compatibilityVersion = "Xcode 14.0";
			developmentRegion = en;
			hasScannedForEncodings = 0;
			knownRegions = (
				en,
				Base,
			);
			mainGroup = 704E5F8C297335E0003245F9;
			productRefGroup = 704E5F96297335E0003245F9 /* Products */;
			projectDirPath = "";
			projectRoot = "";
			targets = (
				704E5F94297335E0003245F9 /* Typist Ledger */,
			);
		};
/* End PBXProject section */

/* Begin PBXResourcesBuildPhase section */
		704E5F93297335E0003245F9 /* Resources */ = {
			isa = PBXResourcesBuildPhase;
			buildActionMask = 2147483647;
			files = (
				704E5FA0297335E1003245F9 /* Preview Assets.xcassets in Resources */,
				704E5F9D297335E1003245F9 /* Assets.xcassets in Resources */,
			);
			runOnlyForDeploymentPostprocessing = 0;
		};
/* End PBXResourcesBuildPhase section */

/* Begin PBXSourcesBuildPhase section */
		704E5F91297335E0003245F9 /* Sources */ = {
			isa = PBXSourcesBuildPhase;
			buildActionMask = 2147483647;
			files = (
				70113CD7297357C100360D01 /* SettingsView.swift in Sources */,
				7017C4E029737C8F00E804C5 /* KeyMonitoringService.swift in Sources */,
				7017C4DE29737BCA00E804C5 /* FileService.swift in Sources */,
				704E5F9B297335E0003245F9 /* ContentView.swift in Sources */,
				704E5F99297335E0003245F9 /* Typist_LedgerApp.swift in Sources */,
			);
			runOnlyForDeploymentPostprocessing = 0;
		};
/* End PBXSourcesBuildPhase section */

/* Begin XCBuildConfiguration section */
		704E5FA2297335E1003245F9 /* Debug */ = {
			isa = XCBuildConfiguration;
			buildSettings = {
				ALWAYS_SEARCH_USER_PATHS = NO;
				CLANG_ANALYZER_NONNULL = YES;
				CLANG_ANALYZER_NUMBER_OBJECT_CONVERSION = YES_AGGRESSIVE;
				CLANG_CXX_LANGUAGE_STANDARD = "gnu++20";
				CLANG_ENABLE_MODULES = YES;
				CLANG_ENABLE_OBJC_ARC = YES;
				CLANG_ENABLE_OBJC_WEAK = YES;
				CLANG_WARN_BLOCK_CAPTURE_AUTORELEASING = YES;
				CLANG_WARN_BOOL_CONVERSION = YES;
				CLANG_WARN_COMMA = YES;
				CLANG_WARN_CONSTANT_CONVERSION = YES;
				CLANG_WARN_DEPRECATED_OBJC_IMPLEMENTATIONS = YES;
				CLANG_WARN_DIRECT_OBJC_ISA_USAGE = YES_ERROR;
				CLANG_WARN_DOCUMENTATION_COMMENTS = YES;
				CLANG_WARN_EMPTY_BODY = YES;
				CLANG_WARN_ENUM_CONVERSION = YES;
				CLANG_WARN_INFINITE_RECURSION = YES;
				CLANG_WARN_INT_CONVERSION = YES;
				CLANG_WARN_NON_LITERAL_NULL_CONVERSION = YES;
				CLANG_WARN_OBJC_IMPLICIT_RETAIN_SELF = YES;
				CLANG_WARN_OBJC_LITERAL_CONVERSION = YES;
				CLANG_WARN_OBJC_ROOT_CLASS = YES_ERROR;
				CLANG_WARN_QUOTED_INCLUDE_IN_FRAMEWORK_HEADER = YES;
				CLANG_WARN_RANGE_LOOP_ANALYSIS = YES;
				CLANG_WARN_STRICT_PROTOTYPES = YES;
				CLANG_WARN_SUSPICIOUS_MOVE = YES;
				CLANG_WARN_UNGUARDED_AVAILABILITY = YES_AGGRESSIVE;
				CLANG_WARN_UNREACHABLE_CODE = YES;
				CLANG_WARN__DUPLICATE_METHOD_MATCH = YES;
				COPY_PHASE_STRIP = NO;
				DEBUG_INFORMATION_FORMAT = dwarf;
				ENABLE_STRICT_OBJC_MSGSEND = YES;
				ENABLE_TESTABILITY = YES;
				GCC_C_LANGUAGE_STANDARD = gnu11;
				GCC_DYNAMIC_NO_PIC = NO;
				GCC_NO_COMMON_BLOCKS = YES;
				GCC_OPTIMIZATION_LEVEL = 0;
				GCC_PREPROCESSOR_DEFINITIONS = (
					"DEBUG=1",
					"$(inherited)",
				);
				GCC_WARN_64_TO_32_BIT_CONVERSION = YES;
				GCC_WARN_ABOUT_RETURN_TYPE = YES_ERROR;
				GCC_WARN_UNDECLARED_SELECTOR = YES;
				GCC_WARN_UNINITIALIZED_AUTOS = YES_AGGRESSIVE;
				GCC_WARN_UNUSED_FUNCTION = YES;
				GCC_WARN_UNUSED_VARIABLE = YES;
				MACOSX_DEPLOYMENT_TARGET = 12.0;
				MTL_ENABLE_DEBUG_INFO = INCLUDE_SOURCE;
				MTL_FAST_MATH = YES;
				ONLY_ACTIVE_ARCH = YES;
				SDKROOT = macosx;
				SWIFT_ACTIVE_COMPILATION_CONDITIONS = DEBUG;
				SWIFT_OPTIMIZATION_LEVEL = "-Onone";
			};
			name = Debug;
		};
		704E5FA3297335E1003245F9 /* Release */ = {
			isa = XCBuildConfiguration;
			buildSettings = {
				ALWAYS_SEARCH_USER_PATHS = NO;
				CLANG_ANALYZER_NONNULL = YES;
				CLANG_ANALYZER_NUMBER_OBJECT_CONVERSION = YES_AGGRESSIVE;
				CLANG_CXX_LANGUAGE_STANDARD = "gnu++20";
				CLANG_ENABLE_MODULES = YES;
				CLANG_ENABLE_OBJC_ARC = YES;
				CLANG_ENABLE_OBJC_WEAK = YES;
				CLANG_WARN_BLOCK_CAPTURE_AUTORELEASING = YES;
				CLANG_WARN_BOOL_CONVERSION = YES;
				CLANG_WARN_COMMA = YES;
				CLANG_WARN_CONSTANT_CONVERSION = YES;
				CLANG_WARN_DEPRECATED_OBJC_IMPLEMENTATIONS = YES;
				CLANG_WARN_DIRECT_OBJC_ISA_USAGE = YES_ERROR;
				CLANG_WARN_DOCUMENTATION_COMMENTS = YES;
				CLANG_WARN_EMPTY_BODY = YES;
				CLANG_WARN_ENUM_CONVERSION = YES;
				CLANG_WARN_INFINITE_RECURSION = YES;
				CLANG_WARN_INT_CONVERSION = YES;
				CLANG_WARN_NON_LITERAL_NULL_CONVERSION = YES;
				CLANG_WARN_OBJC_IMPLICIT_RETAIN_SELF = YES;
				CLANG_WARN_OBJC_LITERAL_CONVERSION = YES;
				CLANG_WARN_OBJC_ROOT_CLASS = YES_ERROR;
				CLANG_WARN_QUOTED_INCLUDE_IN_FRAMEWORK_HEADER = YES;
				CLANG_WARN_RANGE_LOOP_ANALYSIS = YES;
				CLANG_WARN_STRICT_PROTOTYPES = YES;
				CLANG_WARN_SUSPICIOUS_MOVE = YES;
				CLANG_WARN_UNGUARDED_AVAILABILITY = YES_AGGRESSIVE;
				CLANG_WARN_UNREACHABLE_CODE = YES;
				CLANG_WARN__DUPLICATE_METHOD_MATCH = YES;
				COPY_PHASE_STRIP = NO;
				DEBUG_INFORMATION_FORMAT = "dwarf-with-dsym";
				ENABLE_NS_ASSERTIONS = NO;
				ENABLE_STRICT_OBJC_MSGSEND = YES;
				GCC_C_LANGUAGE_STANDARD = gnu11;
				GCC_NO_COMMON_BLOCKS = YES;
				GCC_WARN_64_TO_32_BIT_CONVERSION = YES;
				GCC_WARN_ABOUT_RETURN_TYPE = YES_ERROR;
				GCC_WARN_UNDECLARED_SELECTOR = YES;
				GCC_WARN_UNINITIALIZED_AUTOS = YES_AGGRESSIVE;
				GCC_WARN_UNUSED_FUNCTION = YES;
				GCC_WARN_UNUSED_VARIABLE = YES;
				MACOSX_DEPLOYMENT_TARGET = 12.0;
				MTL_ENABLE_DEBUG_INFO = NO;
				MTL_FAST_MATH = YES;
				SDKROOT = macosx;
				SWIFT_COMPILATION_MODE = wholemodule;
				SWIFT_OPTIMIZATION_LEVEL = "-O";
			};
			name = Release;
		};
		704E5FA5297335E1003245F9 /* Debug */ = {
			isa = XCBuildConfiguration;
			buildSettings = {
				ASSETCATALOG_COMPILER_APPICON_NAME = AppIcon;
				ASSETCATALOG_COMPILER_GLOBAL_ACCENT_COLOR_NAME = AccentColor;
				CODE_SIGN_ENTITLEMENTS = "Typist Ledger/Typist_Ledger.entitlements";
				"CODE_SIGN_IDENTITY[sdk=macosx*]" = "Apple Development";
				CODE_SIGN_STYLE = Automatic;
				COMBINE_HIDPI_IMAGES = YES;
				CURRENT_PROJECT_VERSION = 1;
				DEVELOPMENT_ASSET_PATHS = "\"Typist Ledger/Preview Content\"";
				DEVELOPMENT_TEAM = ZMG678R74G;
				ENABLE_HARDENED_RUNTIME = YES;
				ENABLE_PREVIEWS = YES;
				GENERATE_INFOPLIST_FILE = YES;
				INFOPLIST_FILE = "Typist-Ledger-Info.plist";
				INFOPLIST_KEY_LSUIElement = YES;
				INFOPLIST_KEY_NSHumanReadableCopyright = "";
				LD_RUNPATH_SEARCH_PATHS = (
					"$(inherited)",
					"@executable_path/../Frameworks",
				);
				MACOSX_DEPLOYMENT_TARGET = 13.0;
				MARKETING_VERSION = 1.0;
				PRODUCT_BUNDLE_IDENTIFIER = "com.spencermamer.Typist-Ledger";
				PRODUCT_NAME = "$(TARGET_NAME)";
				SWIFT_EMIT_LOC_STRINGS = YES;
				SWIFT_VERSION = 5.0;
			};
			name = Debug;
		};
		704E5FA6297335E1003245F9 /* Release */ = {
			isa = XCBuildConfiguration;
			buildSettings = {
				ASSETCATALOG_COMPILER_APPICON_NAME = AppIcon;
				ASSETCATALOG_COMPILER_GLOBAL_ACCENT_COLOR_NAME = AccentColor;
				CODE_SIGN_ENTITLEMENTS = "Typist Ledger/Typist_Ledger.entitlements";
				"CODE_SIGN_IDENTITY[sdk=macosx*]" = "Apple Development";
				CODE_SIGN_STYLE = Automatic;
				COMBINE_HIDPI_IMAGES = YES;
				CURRENT_PROJECT_VERSION = 1;
				DEVELOPMENT_ASSET_PATHS = "\"Typist Ledger/Preview Content\"";
				DEVELOPMENT_TEAM = ZMG678R74G;
				ENABLE_HARDENED_RUNTIME = YES;
				ENABLE_PREVIEWS = YES;
				GENERATE_INFOPLIST_FILE = YES;
				INFOPLIST_FILE = "Typist-Ledger-Info.plist";
				INFOPLIST_KEY_LSUIElement = YES;
				INFOPLIST_KEY_NSHumanReadableCopyright = "";
				LD_RUNPATH_SEARCH_PATHS = (
					"$(inherited)",
					"@executable_path/../Frameworks",
				);
				MACOSX_DEPLOYMENT_TARGET = 13.0;
				MARKETING_VERSION = 1.0;
				PRODUCT_BUNDLE_IDENTIFIER = "com.spencermamer.Typist-Ledger";
				PRODUCT_NAME = "$(TARGET_NAME)";
				SWIFT_EMIT_LOC_STRINGS = YES;
				SWIFT_VERSION = 5.0;
			};
			name = Release;
		};
/* End XCBuildConfiguration section */

/* Begin XCConfigurationList section */
		704E5F90297335E0003245F9 /* Build configuration list for PBXProject "Typist Ledger" */ = {
			isa = XCConfigurationList;
			buildConfigurations = (
				704E5FA2297335E1003245F9 /* Debug */,
				704E5FA3297335E1003245F9 /* Release */,
			);
			defaultConfigurationIsVisible = 0;
			defaultConfigurationName = Release;
		};
		704E5FA4297335E1003245F9 /* Build configuration list for PBXNativeTarget "Typist Ledger" */ = {
			isa = XCConfigurationList;
			buildConfigurations = (
				704E5FA5297335E1003245F9 /* Debug */,
				704E5FA6297335E1003245F9 /* Release */,
			);
			defaultConfigurationIsVisible = 0;
			defaultConfigurationName = Release;
		};
/* End XCConfigurationList section */
	};
	rootObject = 704E5F8D297335E0003245F9 /* Project object */;
}
